
Microsoft Visual Studio Solution File, Format Version 12.00
# Visual Studio Version 17
VisualStudioVersion = 17.0.31903.59
MinimumVisualStudioVersion = 10.0.40219.1
Project("{9A19103F-16F7-4668-BE54-9A1E7A4F7556}") = "OnlineShop.Products.HttpApi", "src\OnlineShop.Products.HttpApi\OnlineShop.Products.HttpApi.csproj", "{DA1E7BF7-4E17-4599-9B2E-60B7C130E88D}"
EndProject
Project("{2150E333-8FDC-42A3-9474-1A3956D46DE8}") = "src", "src", "{7BBD7D38-64C1-44E5-848A-A1EDDADB178F}"
EndProject
Project("{2150E333-8FDC-42A3-9474-1A3956D46DE8}") = "test", "test", "{A94AD35B-C92C-4F5A-BC1D-D7DBDE15A800}"
EndProject
Project("{9A19103F-16F7-4668-BE54-9A1E7A4F7556}") = "OnlineShop.Products.EntityFrameworkCore", "src\OnlineShop.Products.EntityFrameworkCore\OnlineShop.Products.EntityFrameworkCore.csproj", "{10425BEB-FB07-4867-AD91-1F06B3B0B8FD}"
EndProject
Project("{9A19103F-16F7-4668-BE54-9A1E7A4F7556}") = "OnlineShop.Products.Domain.Shared", "src\OnlineShop.Products.Domain.Shared\OnlineShop.Products.Domain.Shared.csproj", "{033B8C34-E6B5-4000-80A4-7D426D576CE9}"
EndProject
Project("{9A19103F-16F7-4668-BE54-9A1E7A4F7556}") = "OnlineShop.Products.Domain", "src\OnlineShop.Products.Domain\OnlineShop.Products.Domain.csproj", "{1ED067B1-0844-4BBF-99AF-E64999AF4D4D}"
EndProject
Project("{9A19103F-16F7-4668-BE54-9A1E7A4F7556}") = "OnlineShop.Products.Repository", "src\OnlineShop.Products.Repository\OnlineShop.Products.Repository.csproj", "{4212D8E5-25E7-4520-9C2A-6982216543EC}"
EndProject
Project("{9A19103F-16F7-4668-BE54-9A1E7A4F7556}") = "OnlineShop.Products.Domain.Entity", "src\OnlineShop.Products.Domain.Entity\OnlineShop.Products.Domain.Entity.csproj", "{5846D79C-3BAD-4E43-99D5-F277FD6785B7}"
EndProject
Project("{9A19103F-16F7-4668-BE54-9A1E7A4F7556}") = "OnlineShop.Products.HttpApi.Tests", "test\OnlineShop.Products.HttpApi.Tests\OnlineShop.Products.HttpApi.Tests.csproj", "{7257D3C7-0555-4C1E-A881-9B4D251ACBA4}"
EndProject
Project("{9A19103F-16F7-4668-BE54-9A1E7A4F7556}") = "OnlineShop.Products.Domain.Tests", "test\OnlineShop.Products.Domain.Tests\OnlineShop.Products.Domain.Tests.csproj", "{184C3D02-FC01-466D-9053-72D356ED3845}"
EndProject
Global
	GlobalSection(SolutionConfigurationPlatforms) = preSolution
		Debug|Any CPU = Debug|Any CPU
		Release|Any CPU = Release|Any CPU
	EndGlobalSection
	GlobalSection(ProjectConfigurationPlatforms) = postSolution
		{DA1E7BF7-4E17-4599-9B2E-60B7C130E88D}.Debug|Any CPU.ActiveCfg = Debug|Any CPU
		{DA1E7BF7-4E17-4599-9B2E-60B7C130E88D}.Debug|Any CPU.Build.0 = Debug|Any CPU
		{DA1E7BF7-4E17-4599-9B2E-60B7C130E88D}.Release|Any CPU.ActiveCfg = Release|Any CPU
		{DA1E7BF7-4E17-4599-9B2E-60B7C130E88D}.Release|Any CPU.Build.0 = Release|Any CPU
		{10425BEB-FB07-4867-AD91-1F06B3B0B8FD}.Debug|Any CPU.ActiveCfg = Debug|Any CPU
		{10425BEB-FB07-4867-AD91-1F06B3B0B8FD}.Debug|Any CPU.Build.0 = Debug|Any CPU
		{10425BEB-FB07-4867-AD91-1F06B3B0B8FD}.Release|Any CPU.ActiveCfg = Release|Any CPU
		{10425BEB-FB07-4867-AD91-1F06B3B0B8FD}.Release|Any CPU.Build.0 = Release|Any CPU
		{033B8C34-E6B5-4000-80A4-7D426D576CE9}.Debug|Any CPU.ActiveCfg = Debug|Any CPU
		{033B8C34-E6B5-4000-80A4-7D426D576CE9}.Debug|Any CPU.Build.0 = Debug|Any CPU
		{033B8C34-E6B5-4000-80A4-7D426D576CE9}.Release|Any CPU.ActiveCfg = Release|Any CPU
		{033B8C34-E6B5-4000-80A4-7D426D576CE9}.Release|Any CPU.Build.0 = Release|Any CPU
		{1ED067B1-0844-4BBF-99AF-E64999AF4D4D}.Debug|Any CPU.ActiveCfg = Debug|Any CPU
		{1ED067B1-0844-4BBF-99AF-E64999AF4D4D}.Debug|Any CPU.Build.0 = Debug|Any CPU
		{1ED067B1-0844-4BBF-99AF-E64999AF4D4D}.Release|Any CPU.ActiveCfg = Release|Any CPU
		{1ED067B1-0844-4BBF-99AF-E64999AF4D4D}.Release|Any CPU.Build.0 = Release|Any CPU
		{4212D8E5-25E7-4520-9C2A-6982216543EC}.Debug|Any CPU.ActiveCfg = Debug|Any CPU
		{4212D8E5-25E7-4520-9C2A-6982216543EC}.Debug|Any CPU.Build.0 = Debug|Any CPU
		{4212D8E5-25E7-4520-9C2A-6982216543EC}.Release|Any CPU.ActiveCfg = Release|Any CPU
		{4212D8E5-25E7-4520-9C2A-6982216543EC}.Release|Any CPU.Build.0 = Release|Any CPU
		{5846D79C-3BAD-4E43-99D5-F277FD6785B7}.Debug|Any CPU.ActiveCfg = Debug|Any CPU
		{5846D79C-3BAD-4E43-99D5-F277FD6785B7}.Debug|Any CPU.Build.0 = Debug|Any CPU
		{5846D79C-3BAD-4E43-99D5-F277FD6785B7}.Release|Any CPU.ActiveCfg = Release|Any CPU
		{5846D79C-3BAD-4E43-99D5-F277FD6785B7}.Release|Any CPU.Build.0 = Release|Any CPU
		{7257D3C7-0555-4C1E-A881-9B4D251ACBA4}.Debug|Any CPU.ActiveCfg = Debug|Any CPU
		{7257D3C7-0555-4C1E-A881-9B4D251ACBA4}.Debug|Any CPU.Build.0 = Debug|Any CPU
		{7257D3C7-0555-4C1E-A881-9B4D251ACBA4}.Release|Any CPU.ActiveCfg = Release|Any CPU
		{7257D3C7-0555-4C1E-A881-9B4D251ACBA4}.Release|Any CPU.Build.0 = Release|Any CPU
		{184C3D02-FC01-466D-9053-72D356ED3845}.Debug|Any CPU.ActiveCfg = Debug|Any CPU
		{184C3D02-FC01-466D-9053-72D356ED3845}.Debug|Any CPU.Build.0 = Debug|Any CPU
		{184C3D02-FC01-466D-9053-72D356ED3845}.Release|Any CPU.ActiveCfg = Release|Any CPU
		{184C3D02-FC01-466D-9053-72D356ED3845}.Release|Any CPU.Build.0 = Release|Any CPU
	EndGlobalSection
	GlobalSection(SolutionProperties) = preSolution
		HideSolutionNode = FALSE
	EndGlobalSection
	GlobalSection(NestedProjects) = preSolution
		{DA1E7BF7-4E17-4599-9B2E-60B7C130E88D} = {7BBD7D38-64C1-44E5-848A-A1EDDADB178F}
		{10425BEB-FB07-4867-AD91-1F06B3B0B8FD} = {7BBD7D38-64C1-44E5-848A-A1EDDADB178F}
		{033B8C34-E6B5-4000-80A4-7D426D576CE9} = {7BBD7D38-64C1-44E5-848A-A1EDDADB178F}
		{1ED067B1-0844-4BBF-99AF-E64999AF4D4D} = {7BBD7D38-64C1-44E5-848A-A1EDDADB178F}
		{4212D8E5-25E7-4520-9C2A-6982216543EC} = {7BBD7D38-64C1-44E5-848A-A1EDDADB178F}
		{5846D79C-3BAD-4E43-99D5-F277FD6785B7} = {7BBD7D38-64C1-44E5-848A-A1EDDADB178F}
		{7257D3C7-0555-4C1E-A881-9B4D251ACBA4} = {A94AD35B-C92C-4F5A-BC1D-D7DBDE15A800}
		{184C3D02-FC01-466D-9053-72D356ED3845} = {A94AD35B-C92C-4F5A-BC1D-D7DBDE15A800}
	EndGlobalSection
	GlobalSection(ExtensibilityGlobals) = postSolution
		SolutionGuid = {B34FF5A7-5150-4D37-81B8-113E285766BF}
	EndGlobalSection
EndGlobal
